
Microsoft Visual Studio Solution File, Format Version 12.00
# Visual Studio 2013
VisualStudioVersion = 12.0.21005.1
MinimumVisualStudioVersion = 10.0.40219.1
Project("{FAE04EC0-301F-11D3-BF4B-00C04F79EFBC}") = "TCPServer", "TCPServer\TCPServer.csproj", "{31D718F5-B3E2-47F0-8510-25F58DBE5293}"
EndProject
Project("{FAE04EC0-301F-11D3-BF4B-00C04F79EFBC}") = "TCPClient", "TCPClient\TCPClient.csproj", "{E5080A03-22CC-4625-AFAC-16CC0370E2F1}"
EndProject
Global
	GlobalSection(SolutionConfigurationPlatforms) = preSolution
		Debug|Any CPU = Debug|Any CPU
		Release|Any CPU = Release|Any CPU
	EndGlobalSection
	GlobalSection(ProjectConfigurationPlatforms) = postSolution
		{31D718F5-B3E2-47F0-8510-25F58DBE5293}.Debug|Any CPU.ActiveCfg = Debug|Any CPU
		{31D718F5-B3E2-47F0-8510-25F58DBE5293}.Debug|Any CPU.Build.0 = Debug|Any CPU
		{31D718F5-B3E2-47F0-8510-25F58DBE5293}.Release|Any CPU.ActiveCfg = Release|Any CPU
		{31D718F5-B3E2-47F0-8510-25F58DBE5293}.Release|Any CPU.Build.0 = Release|Any CPU
		{E5080A03-22CC-4625-AFAC-16CC0370E2F1}.Debug|Any CPU.ActiveCfg = Debug|Any CPU
		{E5080A03-22CC-4625-AFAC-16CC0370E2F1}.Debug|Any CPU.Build.0 = Debug|Any CPU
		{E5080A03-22CC-4625-AFAC-16CC0370E2F1}.Release|Any CPU.ActiveCfg = Release|Any CPU
		{E5080A03-22CC-4625-AFAC-16CC0370E2F1}.Release|Any CPU.Build.0 = Release|Any CPU
	EndGlobalSection
	GlobalSection(SolutionProperties) = preSolution
		HideSolutionNode = FALSE
	EndGlobalSection
EndGlobal
