
Microsoft Visual Studio Solution File, Format Version 12.00
# Visual Studio 15
VisualStudioVersion = 15.0.26730.12
MinimumVisualStudioVersion = 10.0.40219.1
Project("{FAE04EC0-301F-11D3-BF4B-00C04F79EFBC}") = "TimeTCPServer", "TimeTCPServer\TimeTCPServer.csproj", "{A42D61A9-0BDA-4C3E-AE8B-2705D16BB9BE}"
EndProject
Project("{FAE04EC0-301F-11D3-BF4B-00C04F79EFBC}") = "TimeTCPClient", "TimeTCPClient\TimeTCPClient.csproj", "{64F532FF-CFF4-446D-951F-359A7EB510D5}"
EndProject
Global
	GlobalSection(SolutionConfigurationPlatforms) = preSolution
		Debug|Any CPU = Debug|Any CPU
		Release|Any CPU = Release|Any CPU
	EndGlobalSection
	GlobalSection(ProjectConfigurationPlatforms) = postSolution
		{A42D61A9-0BDA-4C3E-AE8B-2705D16BB9BE}.Debug|Any CPU.ActiveCfg = Debug|Any CPU
		{A42D61A9-0BDA-4C3E-AE8B-2705D16BB9BE}.Debug|Any CPU.Build.0 = Debug|Any CPU
		{A42D61A9-0BDA-4C3E-AE8B-2705D16BB9BE}.Release|Any CPU.ActiveCfg = Release|Any CPU
		{A42D61A9-0BDA-4C3E-AE8B-2705D16BB9BE}.Release|Any CPU.Build.0 = Release|Any CPU
		{64F532FF-CFF4-446D-951F-359A7EB510D5}.Debug|Any CPU.ActiveCfg = Debug|Any CPU
		{64F532FF-CFF4-446D-951F-359A7EB510D5}.Debug|Any CPU.Build.0 = Debug|Any CPU
		{64F532FF-CFF4-446D-951F-359A7EB510D5}.Release|Any CPU.ActiveCfg = Release|Any CPU
		{64F532FF-CFF4-446D-951F-359A7EB510D5}.Release|Any CPU.Build.0 = Release|Any CPU
	EndGlobalSection
	GlobalSection(SolutionProperties) = preSolution
		HideSolutionNode = FALSE
	EndGlobalSection
	GlobalSection(ExtensibilityGlobals) = postSolution
		SolutionGuid = {32D5A8DC-E512-4B0E-9E9D-33D159625F7E}
	EndGlobalSection
EndGlobal
