
Microsoft Visual Studio Solution File, Format Version 12.00
# Visual Studio 15
VisualStudioVersion = 15.0.27004.2002
MinimumVisualStudioVersion = 10.0.40219.1
Project("{FAE04EC0-301F-11D3-BF4B-00C04F79EFBC}") = "MultiServerTCP", "MultiServerTCP\MultiServerTCP.csproj", "{EA27897F-3E62-42C5-9818-11D8D8AA0CCB}"
EndProject
Project("{FAE04EC0-301F-11D3-BF4B-00C04F79EFBC}") = "TCPClient", "TCPClient\TCPClient.csproj", "{0FDA78AE-2F72-4D21-824F-422D4E219D3D}"
EndProject
Project("{FAE04EC0-301F-11D3-BF4B-00C04F79EFBC}") = "MultiClientServerTCP_ThreadPoolVer", "MultiClientServerTCP_ThreadPoolVer\MultiClientServerTCP_ThreadPoolVer.csproj", "{B70A4387-BD99-44AA-9909-A60F5C52D282}"
EndProject
Project("{FAE04EC0-301F-11D3-BF4B-00C04F79EFBC}") = "MultiClient", "MultiClient\MultiClient.csproj", "{F1AF4DB6-5326-48AC-A28A-FFC097C95772}"
EndProject
Project("{FAE04EC0-301F-11D3-BF4B-00C04F79EFBC}") = "MultiClient_Server_Asynchronous", "MultiClient_Server_Asynchronous\MultiClient_Server_Asynchronous.csproj", "{2B705A09-00B3-4560-81EB-3A782C4279C1}"
EndProject
Global
	GlobalSection(SolutionConfigurationPlatforms) = preSolution
		Debug|Any CPU = Debug|Any CPU
		Release|Any CPU = Release|Any CPU
	EndGlobalSection
	GlobalSection(ProjectConfigurationPlatforms) = postSolution
		{EA27897F-3E62-42C5-9818-11D8D8AA0CCB}.Debug|Any CPU.ActiveCfg = Debug|Any CPU
		{EA27897F-3E62-42C5-9818-11D8D8AA0CCB}.Debug|Any CPU.Build.0 = Debug|Any CPU
		{EA27897F-3E62-42C5-9818-11D8D8AA0CCB}.Release|Any CPU.ActiveCfg = Release|Any CPU
		{EA27897F-3E62-42C5-9818-11D8D8AA0CCB}.Release|Any CPU.Build.0 = Release|Any CPU
		{0FDA78AE-2F72-4D21-824F-422D4E219D3D}.Debug|Any CPU.ActiveCfg = Debug|Any CPU
		{0FDA78AE-2F72-4D21-824F-422D4E219D3D}.Debug|Any CPU.Build.0 = Debug|Any CPU
		{0FDA78AE-2F72-4D21-824F-422D4E219D3D}.Release|Any CPU.ActiveCfg = Release|Any CPU
		{0FDA78AE-2F72-4D21-824F-422D4E219D3D}.Release|Any CPU.Build.0 = Release|Any CPU
		{B70A4387-BD99-44AA-9909-A60F5C52D282}.Debug|Any CPU.ActiveCfg = Debug|Any CPU
		{B70A4387-BD99-44AA-9909-A60F5C52D282}.Debug|Any CPU.Build.0 = Debug|Any CPU
		{B70A4387-BD99-44AA-9909-A60F5C52D282}.Release|Any CPU.ActiveCfg = Release|Any CPU
		{B70A4387-BD99-44AA-9909-A60F5C52D282}.Release|Any CPU.Build.0 = Release|Any CPU
		{F1AF4DB6-5326-48AC-A28A-FFC097C95772}.Debug|Any CPU.ActiveCfg = Debug|Any CPU
		{F1AF4DB6-5326-48AC-A28A-FFC097C95772}.Debug|Any CPU.Build.0 = Debug|Any CPU
		{F1AF4DB6-5326-48AC-A28A-FFC097C95772}.Release|Any CPU.ActiveCfg = Release|Any CPU
		{F1AF4DB6-5326-48AC-A28A-FFC097C95772}.Release|Any CPU.Build.0 = Release|Any CPU
		{2B705A09-00B3-4560-81EB-3A782C4279C1}.Debug|Any CPU.ActiveCfg = Debug|Any CPU
		{2B705A09-00B3-4560-81EB-3A782C4279C1}.Debug|Any CPU.Build.0 = Debug|Any CPU
		{2B705A09-00B3-4560-81EB-3A782C4279C1}.Release|Any CPU.ActiveCfg = Release|Any CPU
		{2B705A09-00B3-4560-81EB-3A782C4279C1}.Release|Any CPU.Build.0 = Release|Any CPU
	EndGlobalSection
	GlobalSection(SolutionProperties) = preSolution
		HideSolutionNode = FALSE
	EndGlobalSection
	GlobalSection(ExtensibilityGlobals) = postSolution
		SolutionGuid = {97746B85-4D40-4B4D-8600-D56B1F43E33B}
	EndGlobalSection
EndGlobal
