
Microsoft Visual Studio Solution File, Format Version 12.00
# Visual Studio 15
VisualStudioVersion = 15.0.27004.2006
MinimumVisualStudioVersion = 10.0.40219.1
Project("{FAE04EC0-301F-11D3-BF4B-00C04F79EFBC}") = "Client", "Client\Client.csproj", "{9CCD6024-F205-4678-9E4A-91A0C61D1924}"
EndProject
Project("{FAE04EC0-301F-11D3-BF4B-00C04F79EFBC}") = "Server", "Server\Server.csproj", "{3DD43795-BA03-42B7-9443-CCA3595F3BB8}"
EndProject
Global
	GlobalSection(SolutionConfigurationPlatforms) = preSolution
		Debug|Any CPU = Debug|Any CPU
		Release|Any CPU = Release|Any CPU
	EndGlobalSection
	GlobalSection(ProjectConfigurationPlatforms) = postSolution
		{9CCD6024-F205-4678-9E4A-91A0C61D1924}.Debug|Any CPU.ActiveCfg = Debug|Any CPU
		{9CCD6024-F205-4678-9E4A-91A0C61D1924}.Debug|Any CPU.Build.0 = Debug|Any CPU
		{9CCD6024-F205-4678-9E4A-91A0C61D1924}.Release|Any CPU.ActiveCfg = Release|Any CPU
		{9CCD6024-F205-4678-9E4A-91A0C61D1924}.Release|Any CPU.Build.0 = Release|Any CPU
		{3DD43795-BA03-42B7-9443-CCA3595F3BB8}.Debug|Any CPU.ActiveCfg = Debug|Any CPU
		{3DD43795-BA03-42B7-9443-CCA3595F3BB8}.Debug|Any CPU.Build.0 = Debug|Any CPU
		{3DD43795-BA03-42B7-9443-CCA3595F3BB8}.Release|Any CPU.ActiveCfg = Release|Any CPU
		{3DD43795-BA03-42B7-9443-CCA3595F3BB8}.Release|Any CPU.Build.0 = Release|Any CPU
	EndGlobalSection
	GlobalSection(SolutionProperties) = preSolution
		HideSolutionNode = FALSE
	EndGlobalSection
	GlobalSection(ExtensibilityGlobals) = postSolution
		SolutionGuid = {B5D5D762-0F81-410D-A922-CEAE7C41DAF9}
	EndGlobalSection
EndGlobal
