
Microsoft Visual Studio Solution File, Format Version 12.00
# Visual Studio 2013
VisualStudioVersion = 12.0.21005.1
MinimumVisualStudioVersion = 10.0.40219.1
Project("{FAE04EC0-301F-11D3-BF4B-00C04F79EFBC}") = "ServerUdp", "ServerUdp\ServerUdp.csproj", "{BDDEF296-BAD8-4F5F-A0C8-18BABAEB6B97}"
EndProject
Project("{FAE04EC0-301F-11D3-BF4B-00C04F79EFBC}") = "ClientUdp", "ClientUdp\ClientUdp.csproj", "{C484914D-A1C7-4FE8-AA9D-9025664846E0}"
EndProject
Global
	GlobalSection(SolutionConfigurationPlatforms) = preSolution
		Debug|Any CPU = Debug|Any CPU
		Release|Any CPU = Release|Any CPU
	EndGlobalSection
	GlobalSection(ProjectConfigurationPlatforms) = postSolution
		{BDDEF296-BAD8-4F5F-A0C8-18BABAEB6B97}.Debug|Any CPU.ActiveCfg = Debug|Any CPU
		{BDDEF296-BAD8-4F5F-A0C8-18BABAEB6B97}.Debug|Any CPU.Build.0 = Debug|Any CPU
		{BDDEF296-BAD8-4F5F-A0C8-18BABAEB6B97}.Release|Any CPU.ActiveCfg = Release|Any CPU
		{BDDEF296-BAD8-4F5F-A0C8-18BABAEB6B97}.Release|Any CPU.Build.0 = Release|Any CPU
		{C484914D-A1C7-4FE8-AA9D-9025664846E0}.Debug|Any CPU.ActiveCfg = Debug|Any CPU
		{C484914D-A1C7-4FE8-AA9D-9025664846E0}.Debug|Any CPU.Build.0 = Debug|Any CPU
		{C484914D-A1C7-4FE8-AA9D-9025664846E0}.Release|Any CPU.ActiveCfg = Release|Any CPU
		{C484914D-A1C7-4FE8-AA9D-9025664846E0}.Release|Any CPU.Build.0 = Release|Any CPU
	EndGlobalSection
	GlobalSection(SolutionProperties) = preSolution
		HideSolutionNode = FALSE
	EndGlobalSection
EndGlobal
